// !$*UTF8*$!
{
	archiveVersion = 1;
	classes = {
	};
	objectVersion = 51;
	objects = {

/* Begin PBXBuildFile section */
		3D53ED0824F6C01900231E5F /* AppDelegate.swift in Sources */ = {isa = PBXBuildFile; fileRef = 3D53ED0724F6C01900231E5F /* AppDelegate.swift */; };
		3D53ED0C24F6C01900231E5F /* LoginViewController.swift in Sources */ = {isa = PBXBuildFile; fileRef = 3D53ED0B24F6C01900231E5F /* LoginViewController.swift */; };
		3D53ED0F24F6C01A00231E5F /* Main.storyboard in Resources */ = {isa = PBXBuildFile; fileRef = 3D53ED0D24F6C01A00231E5F /* Main.storyboard */; };
		3D53ED1124F6C02F00231E5F /* Assets.xcassets in Resources */ = {isa = PBXBuildFile; fileRef = 3D53ED1024F6C02F00231E5F /* Assets.xcassets */; };
		3D53ED1424F6C02F00231E5F /* LaunchScreen.storyboard in Resources */ = {isa = PBXBuildFile; fileRef = 3D53ED1224F6C02F00231E5F /* LaunchScreen.storyboard */; };
		3D53ED1C24F6C43000231E5F /* MenuInputField.swift in Sources */ = {isa = PBXBuildFile; fileRef = 3D53ED1B24F6C43000231E5F /* MenuInputField.swift */; };
		3D53ED1E24F6C94A00231E5F /* UIConstants.swift in Sources */ = {isa = PBXBuildFile; fileRef = 3D53ED1D24F6C94A00231E5F /* UIConstants.swift */; };
		3D53ED2224F6CFF800231E5F /* RestDataClient.swift in Sources */ = {isa = PBXBuildFile; fileRef = 3D53ED2124F6CFF800231E5F /* RestDataClient.swift */; };
		3D53ED2424F6D00600231E5F /* DataAccess.swift in Sources */ = {isa = PBXBuildFile; fileRef = 3D53ED2324F6D00600231E5F /* DataAccess.swift */; };
		3D53ED2724F6D31300231E5F /* LoginUserRequest.swift in Sources */ = {isa = PBXBuildFile; fileRef = 3D53ED2624F6D31300231E5F /* LoginUserRequest.swift */; };
		3D53ED2924F6E12400231E5F /* LoginUserResponse.swift in Sources */ = {isa = PBXBuildFile; fileRef = 3D53ED2824F6E12400231E5F /* LoginUserResponse.swift */; };
		3D53ED2B24F6E74200231E5F /* VenueLocationRequest.swift in Sources */ = {isa = PBXBuildFile; fileRef = 3D53ED2A24F6E74200231E5F /* VenueLocationRequest.swift */; };
		3D53ED2D24F6EA5200231E5F /* VenueResponse.swift in Sources */ = {isa = PBXBuildFile; fileRef = 3D53ED2C24F6EA5200231E5F /* VenueResponse.swift */; };
		3D53ED2F24F6EB4700231E5F /* VenuesResponse.swift in Sources */ = {isa = PBXBuildFile; fileRef = 3D53ED2E24F6EB4700231E5F /* VenuesResponse.swift */; };
		3D53ED3324F6EF4400231E5F /* ListOfVenuesViewController.swift in Sources */ = {isa = PBXBuildFile; fileRef = 3D53ED3224F6EF4400231E5F /* ListOfVenuesViewController.swift */; };
		3D53ED3724F6F0B100231E5F /* VenueTableViewCell.swift in Sources */ = {isa = PBXBuildFile; fileRef = 3D53ED3624F6F0B100231E5F /* VenueTableViewCell.swift */; };
		3D53ED3924F6F86500231E5F /* VenueDetailViewController.swift in Sources */ = {isa = PBXBuildFile; fileRef = 3D53ED3824F6F86500231E5F /* VenueDetailViewController.swift */; };
		3D53ED3C24F70BC200231E5F /* UIImageViewExtension.swift in Sources */ = {isa = PBXBuildFile; fileRef = 3D53ED3B24F70BC200231E5F /* UIImageViewExtension.swift */; };
		3D53ED3E24F70FFA00231E5F /* BaseViewController.swift in Sources */ = {isa = PBXBuildFile; fileRef = 3D53ED3D24F70FFA00231E5F /* BaseViewController.swift */; };
		3D53ED4324F712C400231E5F /* UIViewExtension.swift in Sources */ = {isa = PBXBuildFile; fileRef = 3D53ED4224F712C400231E5F /* UIViewExtension.swift */; };
		3D53ED6B24F7762D00231E5F /* UIFontExtension.swift in Sources */ = {isa = PBXBuildFile; fileRef = 3D53ED6A24F7762D00231E5F /* UIFontExtension.swift */; };
		3D53ED7224F77E3700231E5F /* Roboto-Bold.ttf in Resources */ = {isa = PBXBuildFile; fileRef = 3D53ED7124F77E3700231E5F /* Roboto-Bold.ttf */; };
		3D53ED7424F77E4F00231E5F /* Roboto-Light.ttf in Resources */ = {isa = PBXBuildFile; fileRef = 3D53ED7324F77E4F00231E5F /* Roboto-Light.ttf */; };
		3D53ED7624F77E5A00231E5F /* Roboto-Regular.ttf in Resources */ = {isa = PBXBuildFile; fileRef = 3D53ED7524F77E5A00231E5F /* Roboto-Regular.ttf */; };
		CFB08483034A1B5E4E7EC20D /* Pods_MenuAppDemo.framework in Frameworks */ = {isa = PBXBuildFile; fileRef = DD6AC55870F85D5888E7F825 /* Pods_MenuAppDemo.framework */; };
/* End PBXBuildFile section */

/* Begin PBXFileReference section */
		07A61E84259A092A68F5BB9D /* Pods-MenuAppDemo.release.xcconfig */ = {isa = PBXFileReference; includeInIndex = 1; lastKnownFileType = text.xcconfig; name = "Pods-MenuAppDemo.release.xcconfig"; path = "Target Support Files/Pods-MenuAppDemo/Pods-MenuAppDemo.release.xcconfig"; sourceTree = "<group>"; };
		3D53ED0424F6C01900231E5F /* MenuAppDemo.app */ = {isa = PBXFileReference; explicitFileType = wrapper.application; includeInIndex = 0; path = MenuAppDemo.app; sourceTree = BUILT_PRODUCTS_DIR; };
		3D53ED0724F6C01900231E5F /* AppDelegate.swift */ = {isa = PBXFileReference; lastKnownFileType = sourcecode.swift; path = AppDelegate.swift; sourceTree = "<group>"; };
		3D53ED0B24F6C01900231E5F /* LoginViewController.swift */ = {isa = PBXFileReference; lastKnownFileType = sourcecode.swift; path = LoginViewController.swift; sourceTree = "<group>"; };
		3D53ED0E24F6C01A00231E5F /* Base */ = {isa = PBXFileReference; lastKnownFileType = file.storyboard; name = Base; path = Base.lproj/Main.storyboard; sourceTree = "<group>"; };
		3D53ED1024F6C02F00231E5F /* Assets.xcassets */ = {isa = PBXFileReference; lastKnownFileType = folder.assetcatalog; path = Assets.xcassets; sourceTree = "<group>"; };
		3D53ED1324F6C02F00231E5F /* Base */ = {isa = PBXFileReference; lastKnownFileType = file.storyboard; name = Base; path = Base.lproj/LaunchScreen.storyboard; sourceTree = "<group>"; };
		3D53ED1524F6C02F00231E5F /* Info.plist */ = {isa = PBXFileReference; lastKnownFileType = text.plist.xml; path = Info.plist; sourceTree = "<group>"; };
		3D53ED1B24F6C43000231E5F /* MenuInputField.swift */ = {isa = PBXFileReference; lastKnownFileType = sourcecode.swift; path = MenuInputField.swift; sourceTree = "<group>"; };
		3D53ED1D24F6C94A00231E5F /* UIConstants.swift */ = {isa = PBXFileReference; lastKnownFileType = sourcecode.swift; path = UIConstants.swift; sourceTree = "<group>"; };
		3D53ED2124F6CFF800231E5F /* RestDataClient.swift */ = {isa = PBXFileReference; lastKnownFileType = sourcecode.swift; path = RestDataClient.swift; sourceTree = "<group>"; };
		3D53ED2324F6D00600231E5F /* DataAccess.swift */ = {isa = PBXFileReference; lastKnownFileType = sourcecode.swift; path = DataAccess.swift; sourceTree = "<group>"; };
		3D53ED2624F6D31300231E5F /* LoginUserRequest.swift */ = {isa = PBXFileReference; lastKnownFileType = sourcecode.swift; path = LoginUserRequest.swift; sourceTree = "<group>"; };
		3D53ED2824F6E12400231E5F /* LoginUserResponse.swift */ = {isa = PBXFileReference; lastKnownFileType = sourcecode.swift; path = LoginUserResponse.swift; sourceTree = "<group>"; };
		3D53ED2A24F6E74200231E5F /* VenueLocationRequest.swift */ = {isa = PBXFileReference; lastKnownFileType = sourcecode.swift; path = VenueLocationRequest.swift; sourceTree = "<group>"; };
		3D53ED2C24F6EA5200231E5F /* VenueResponse.swift */ = {isa = PBXFileReference; lastKnownFileType = sourcecode.swift; path = VenueResponse.swift; sourceTree = "<group>"; };
		3D53ED2E24F6EB4700231E5F /* VenuesResponse.swift */ = {isa = PBXFileReference; lastKnownFileType = sourcecode.swift; path = VenuesResponse.swift; sourceTree = "<group>"; };
		3D53ED3224F6EF4400231E5F /* ListOfVenuesViewController.swift */ = {isa = PBXFileReference; lastKnownFileType = sourcecode.swift; path = ListOfVenuesViewController.swift; sourceTree = "<group>"; };
		3D53ED3624F6F0B100231E5F /* VenueTableViewCell.swift */ = {isa = PBXFileReference; lastKnownFileType = sourcecode.swift; path = VenueTableViewCell.swift; sourceTree = "<group>"; };
		3D53ED3824F6F86500231E5F /* VenueDetailViewController.swift */ = {isa = PBXFileReference; lastKnownFileType = sourcecode.swift; path = VenueDetailViewController.swift; sourceTree = "<group>"; };
		3D53ED3B24F70BC200231E5F /* UIImageViewExtension.swift */ = {isa = PBXFileReference; lastKnownFileType = sourcecode.swift; path = UIImageViewExtension.swift; sourceTree = "<group>"; };
		3D53ED3D24F70FFA00231E5F /* BaseViewController.swift */ = {isa = PBXFileReference; lastKnownFileType = sourcecode.swift; path = BaseViewController.swift; sourceTree = "<group>"; };
		3D53ED4224F712C400231E5F /* UIViewExtension.swift */ = {isa = PBXFileReference; lastKnownFileType = sourcecode.swift; path = UIViewExtension.swift; sourceTree = "<group>"; };
		3D53ED6A24F7762D00231E5F /* UIFontExtension.swift */ = {isa = PBXFileReference; lastKnownFileType = sourcecode.swift; path = UIFontExtension.swift; sourceTree = "<group>"; };
		3D53ED7124F77E3700231E5F /* Roboto-Bold.ttf */ = {isa = PBXFileReference; lastKnownFileType = file; path = "Roboto-Bold.ttf"; sourceTree = "<group>"; };
		3D53ED7324F77E4F00231E5F /* Roboto-Light.ttf */ = {isa = PBXFileReference; lastKnownFileType = file; path = "Roboto-Light.ttf"; sourceTree = "<group>"; };
		3D53ED7524F77E5A00231E5F /* Roboto-Regular.ttf */ = {isa = PBXFileReference; lastKnownFileType = file; path = "Roboto-Regular.ttf"; sourceTree = "<group>"; };
		DD6AC55870F85D5888E7F825 /* Pods_MenuAppDemo.framework */ = {isa = PBXFileReference; explicitFileType = wrapper.framework; includeInIndex = 0; path = Pods_MenuAppDemo.framework; sourceTree = BUILT_PRODUCTS_DIR; };
		E6EEFDAA204E169B302F15F7 /* Pods-MenuAppDemo.debug.xcconfig */ = {isa = PBXFileReference; includeInIndex = 1; lastKnownFileType = text.xcconfig; name = "Pods-MenuAppDemo.debug.xcconfig"; path = "Target Support Files/Pods-MenuAppDemo/Pods-MenuAppDemo.debug.xcconfig"; sourceTree = "<group>"; };
/* End PBXFileReference section */

/* Begin PBXFrameworksBuildPhase section */
		3D53ED0124F6C01900231E5F /* Frameworks */ = {
			isa = PBXFrameworksBuildPhase;
			buildActionMask = 2147483647;
			files = (
				CFB08483034A1B5E4E7EC20D /* Pods_MenuAppDemo.framework in Frameworks */,
			);
			runOnlyForDeploymentPostprocessing = 0;
		};
/* End PBXFrameworksBuildPhase section */

/* Begin PBXGroup section */
		3D53ECFB24F6C01800231E5F = {
			isa = PBXGroup;
			children = (
				3D53ED0624F6C01900231E5F /* MenuAppDemo */,
				3D53ED0524F6C01900231E5F /* Products */,
				D2C8D6DC5C994CC95FF0B28D /* Pods */,
				43D067C1F366F4503C7B3DEC /* Frameworks */,
			);
			sourceTree = "<group>";
		};
		3D53ED0524F6C01900231E5F /* Products */ = {
			isa = PBXGroup;
			children = (
				3D53ED0424F6C01900231E5F /* MenuAppDemo.app */,
			);
			name = Products;
			sourceTree = "<group>";
		};
		3D53ED0624F6C01900231E5F /* MenuAppDemo */ = {
			isa = PBXGroup;
			children = (
				3D53ED4424F7745E00231E5F /* Resources */,
				3D53ED3A24F70BA200231E5F /* Extensions */,
				3D53ED1F24F6C95300231E5F /* UI */,
				3D53ED2524F6D01400231E5F /* DataManagment */,
				3D53ED0724F6C01900231E5F /* AppDelegate.swift */,
				3D53ED0D24F6C01A00231E5F /* Main.storyboard */,
				3D53ED1024F6C02F00231E5F /* Assets.xcassets */,
				3D53ED1224F6C02F00231E5F /* LaunchScreen.storyboard */,
				3D53ED1524F6C02F00231E5F /* Info.plist */,
			);
			path = MenuAppDemo;
			sourceTree = "<group>";
		};
		3D53ED1F24F6C95300231E5F /* UI */ = {
			isa = PBXGroup;
			children = (
				3D53ED3F24F7125300231E5F /* Login */,
				3D53ED4024F7125F00231E5F /* ListOfVenues */,
				3D53ED4124F7126D00231E5F /* VenueDetail */,
				3D53ED2024F6C95C00231E5F /* CustomControls */,
				3D53ED3D24F70FFA00231E5F /* BaseViewController.swift */,
				3D53ED1D24F6C94A00231E5F /* UIConstants.swift */,
			);
			path = UI;
			sourceTree = "<group>";
		};
		3D53ED2024F6C95C00231E5F /* CustomControls */ = {
			isa = PBXGroup;
			children = (
				3D53ED1B24F6C43000231E5F /* MenuInputField.swift */,
			);
			path = CustomControls;
			sourceTree = "<group>";
		};
		3D53ED2524F6D01400231E5F /* DataManagment */ = {
			isa = PBXGroup;
			children = (
				3D53ED2124F6CFF800231E5F /* RestDataClient.swift */,
				3D53ED2324F6D00600231E5F /* DataAccess.swift */,
				3D53ED3524F6EFE700231E5F /* RequestModels */,
				3D53ED3424F6EFD500231E5F /* ResponseModels */,
			);
			path = DataManagment;
			sourceTree = "<group>";
		};
		3D53ED3424F6EFD500231E5F /* ResponseModels */ = {
			isa = PBXGroup;
			children = (
				3D53ED2824F6E12400231E5F /* LoginUserResponse.swift */,
				3D53ED2C24F6EA5200231E5F /* VenueResponse.swift */,
				3D53ED2E24F6EB4700231E5F /* VenuesResponse.swift */,
			);
			path = ResponseModels;
			sourceTree = "<group>";
		};
		3D53ED3524F6EFE700231E5F /* RequestModels */ = {
			isa = PBXGroup;
			children = (
				3D53ED2624F6D31300231E5F /* LoginUserRequest.swift */,
				3D53ED2A24F6E74200231E5F /* VenueLocationRequest.swift */,
			);
			path = RequestModels;
			sourceTree = "<group>";
		};
		3D53ED3A24F70BA200231E5F /* Extensions */ = {
			isa = PBXGroup;
			children = (
				3D53ED3B24F70BC200231E5F /* UIImageViewExtension.swift */,
				3D53ED4224F712C400231E5F /* UIViewExtension.swift */,
				3D53ED6A24F7762D00231E5F /* UIFontExtension.swift */,
			);
			path = Extensions;
			sourceTree = "<group>";
		};
		3D53ED3F24F7125300231E5F /* Login */ = {
			isa = PBXGroup;
			children = (
				3D53ED0B24F6C01900231E5F /* LoginViewController.swift */,
			);
			path = Login;
			sourceTree = "<group>";
		};
		3D53ED4024F7125F00231E5F /* ListOfVenues */ = {
			isa = PBXGroup;
			children = (
				3D53ED3224F6EF4400231E5F /* ListOfVenuesViewController.swift */,
				3D53ED3624F6F0B100231E5F /* VenueTableViewCell.swift */,
			);
			path = ListOfVenues;
			sourceTree = "<group>";
		};
		3D53ED4124F7126D00231E5F /* VenueDetail */ = {
			isa = PBXGroup;
			children = (
				3D53ED3824F6F86500231E5F /* VenueDetailViewController.swift */,
			);
			path = VenueDetail;
			sourceTree = "<group>";
		};
		3D53ED4424F7745E00231E5F /* Resources */ = {
			isa = PBXGroup;
			children = (
				3D53ED7524F77E5A00231E5F /* Roboto-Regular.ttf */,
				3D53ED7124F77E3700231E5F /* Roboto-Bold.ttf */,
				3D53ED7324F77E4F00231E5F /* Roboto-Light.ttf */,
			);
			path = Resources;
			sourceTree = "<group>";
		};
		43D067C1F366F4503C7B3DEC /* Frameworks */ = {
			isa = PBXGroup;
			children = (
				DD6AC55870F85D5888E7F825 /* Pods_MenuAppDemo.framework */,
			);
			name = Frameworks;
			sourceTree = "<group>";
		};
		D2C8D6DC5C994CC95FF0B28D /* Pods */ = {
			isa = PBXGroup;
			children = (
				E6EEFDAA204E169B302F15F7 /* Pods-MenuAppDemo.debug.xcconfig */,
				07A61E84259A092A68F5BB9D /* Pods-MenuAppDemo.release.xcconfig */,
			);
			path = Pods;
			sourceTree = "<group>";
		};
/* End PBXGroup section */

/* Begin PBXNativeTarget section */
		3D53ED0324F6C01900231E5F /* MenuAppDemo */ = {
			isa = PBXNativeTarget;
			buildConfigurationList = 3D53ED1824F6C02F00231E5F /* Build configuration list for PBXNativeTarget "MenuAppDemo" */;
			buildPhases = (
				F32496098A7C74C1FA9F4FA4 /* [CP] Check Pods Manifest.lock */,
				3D53ED0024F6C01900231E5F /* Sources */,
				3D53ED0124F6C01900231E5F /* Frameworks */,
				3D53ED0224F6C01900231E5F /* Resources */,
				FE7032E0F90E9DB66617BFC4 /* [CP] Embed Pods Frameworks */,
			);
			buildRules = (
			);
			dependencies = (
			);
			name = MenuAppDemo;
			productName = MenuAppDemo;
			productReference = 3D53ED0424F6C01900231E5F /* MenuAppDemo.app */;
			productType = "com.apple.product-type.application";
		};
/* End PBXNativeTarget section */

/* Begin PBXProject section */
		3D53ECFC24F6C01900231E5F /* Project object */ = {
			isa = PBXProject;
			attributes = {
				LastSwiftUpdateCheck = 1140;
				LastUpgradeCheck = 1140;
				ORGANIZATIONNAME = "Milica Jankovic";
				TargetAttributes = {
					3D53ED0324F6C01900231E5F = {
						CreatedOnToolsVersion = 11.4.1;
					};
				};
			};
			buildConfigurationList = 3D53ECFF24F6C01900231E5F /* Build configuration list for PBXProject "MenuAppDemo" */;
			compatibilityVersion = "Xcode 9.3";
			developmentRegion = en;
			hasScannedForEncodings = 0;
			knownRegions = (
				en,
				Base,
			);
			mainGroup = 3D53ECFB24F6C01800231E5F;
			productRefGroup = 3D53ED0524F6C01900231E5F /* Products */;
			projectDirPath = "";
			projectRoot = "";
			targets = (
				3D53ED0324F6C01900231E5F /* MenuAppDemo */,
			);
		};
/* End PBXProject section */

/* Begin PBXResourcesBuildPhase section */
		3D53ED0224F6C01900231E5F /* Resources */ = {
			isa = PBXResourcesBuildPhase;
			buildActionMask = 2147483647;
			files = (
				3D53ED7624F77E5A00231E5F /* Roboto-Regular.ttf in Resources */,
				3D53ED1424F6C02F00231E5F /* LaunchScreen.storyboard in Resources */,
				3D53ED7224F77E3700231E5F /* Roboto-Bold.ttf in Resources */,
				3D53ED7424F77E4F00231E5F /* Roboto-Light.ttf in Resources */,
				3D53ED1124F6C02F00231E5F /* Assets.xcassets in Resources */,
				3D53ED0F24F6C01A00231E5F /* Main.storyboard in Resources */,
			);
			runOnlyForDeploymentPostprocessing = 0;
		};
/* End PBXResourcesBuildPhase section */

/* Begin PBXShellScriptBuildPhase section */
		F32496098A7C74C1FA9F4FA4 /* [CP] Check Pods Manifest.lock */ = {
			isa = PBXShellScriptBuildPhase;
			buildActionMask = 2147483647;
			files = (
			);
			inputFileListPaths = (
			);
			inputPaths = (
				"${PODS_PODFILE_DIR_PATH}/Podfile.lock",
				"${PODS_ROOT}/Manifest.lock",
			);
			name = "[CP] Check Pods Manifest.lock";
			outputFileListPaths = (
			);
			outputPaths = (
				"$(DERIVED_FILE_DIR)/Pods-MenuAppDemo-checkManifestLockResult.txt",
			);
			runOnlyForDeploymentPostprocessing = 0;
			shellPath = /bin/sh;
			shellScript = "diff \"${PODS_PODFILE_DIR_PATH}/Podfile.lock\" \"${PODS_ROOT}/Manifest.lock\" > /dev/null\nif [ $? != 0 ] ; then\n    # print error to STDERR\n    echo \"error: The sandbox is not in sync with the Podfile.lock. Run 'pod install' or update your CocoaPods installation.\" >&2\n    exit 1\nfi\n# This output is used by Xcode 'outputs' to avoid re-running this script phase.\necho \"SUCCESS\" > \"${SCRIPT_OUTPUT_FILE_0}\"\n";
			showEnvVarsInLog = 0;
		};
		FE7032E0F90E9DB66617BFC4 /* [CP] Embed Pods Frameworks */ = {
			isa = PBXShellScriptBuildPhase;
			buildActionMask = 2147483647;
			files = (
			);
			inputFileListPaths = (
				"${PODS_ROOT}/Target Support Files/Pods-MenuAppDemo/Pods-MenuAppDemo-frameworks-${CONFIGURATION}-input-files.xcfilelist",
			);
			name = "[CP] Embed Pods Frameworks";
			outputFileListPaths = (
				"${PODS_ROOT}/Target Support Files/Pods-MenuAppDemo/Pods-MenuAppDemo-frameworks-${CONFIGURATION}-output-files.xcfilelist",
			);
			runOnlyForDeploymentPostprocessing = 0;
			shellPath = /bin/sh;
			shellScript = "\"${PODS_ROOT}/Target Support Files/Pods-MenuAppDemo/Pods-MenuAppDemo-frameworks.sh\"\n";
			showEnvVarsInLog = 0;
		};
/* End PBXShellScriptBuildPhase section */

/* Begin PBXSourcesBuildPhase section */
		3D53ED0024F6C01900231E5F /* Sources */ = {
			isa = PBXSourcesBuildPhase;
			buildActionMask = 2147483647;
			files = (
				3D53ED0C24F6C01900231E5F /* LoginViewController.swift in Sources */,
				3D53ED2724F6D31300231E5F /* LoginUserRequest.swift in Sources */,
				3D53ED3724F6F0B100231E5F /* VenueTableViewCell.swift in Sources */,
				3D53ED2D24F6EA5200231E5F /* VenueResponse.swift in Sources */,
				3D53ED2224F6CFF800231E5F /* RestDataClient.swift in Sources */,
				3D53ED3C24F70BC200231E5F /* UIImageViewExtension.swift in Sources */,
				3D53ED2424F6D00600231E5F /* DataAccess.swift in Sources */,
				3D53ED2F24F6EB4700231E5F /* VenuesResponse.swift in Sources */,
				3D53ED4324F712C400231E5F /* UIViewExtension.swift in Sources */,
				3D53ED0824F6C01900231E5F /* AppDelegate.swift in Sources */,
				3D53ED6B24F7762D00231E5F /* UIFontExtension.swift in Sources */,
				3D53ED1C24F6C43000231E5F /* MenuInputField.swift in Sources */,
				3D53ED2B24F6E74200231E5F /* VenueLocationRequest.swift in Sources */,
				3D53ED2924F6E12400231E5F /* LoginUserResponse.swift in Sources */,
				3D53ED3924F6F86500231E5F /* VenueDetailViewController.swift in Sources */,
				3D53ED3E24F70FFA00231E5F /* BaseViewController.swift in Sources */,
				3D53ED3324F6EF4400231E5F /* ListOfVenuesViewController.swift in Sources */,
				3D53ED1E24F6C94A00231E5F /* UIConstants.swift in Sources */,
			);
			runOnlyForDeploymentPostprocessing = 0;
		};
/* End PBXSourcesBuildPhase section */

/* Begin PBXVariantGroup section */
		3D53ED0D24F6C01A00231E5F /* Main.storyboard */ = {
			isa = PBXVariantGroup;
			children = (
				3D53ED0E24F6C01A00231E5F /* Base */,
			);
			name = Main.storyboard;
			sourceTree = "<group>";
		};
		3D53ED1224F6C02F00231E5F /* LaunchScreen.storyboard */ = {
			isa = PBXVariantGroup;
			children = (
				3D53ED1324F6C02F00231E5F /* Base */,
			);
			name = LaunchScreen.storyboard;
			sourceTree = "<group>";
		};
/* End PBXVariantGroup section */

/* Begin XCBuildConfiguration section */
		3D53ED1624F6C02F00231E5F /* Debug */ = {
			isa = XCBuildConfiguration;
			buildSettings = {
				ALWAYS_SEARCH_USER_PATHS = NO;
				CLANG_ANALYZER_NONNULL = YES;
				CLANG_ANALYZER_NUMBER_OBJECT_CONVERSION = YES_AGGRESSIVE;
				CLANG_CXX_LANGUAGE_STANDARD = "gnu++14";
				CLANG_CXX_LIBRARY = "libc++";
				CLANG_ENABLE_MODULES = YES;
				CLANG_ENABLE_OBJC_ARC = YES;
				CLANG_ENABLE_OBJC_WEAK = YES;
				CLANG_WARN_BLOCK_CAPTURE_AUTORELEASING = YES;
				CLANG_WARN_BOOL_CONVERSION = YES;
				CLANG_WARN_COMMA = YES;
				CLANG_WARN_CONSTANT_CONVERSION = YES;
				CLANG_WARN_DEPRECATED_OBJC_IMPLEMENTATIONS = YES;
				CLANG_WARN_DIRECT_OBJC_ISA_USAGE = YES_ERROR;
				CLANG_WARN_DOCUMENTATION_COMMENTS = YES;
				CLANG_WARN_EMPTY_BODY = YES;
				CLANG_WARN_ENUM_CONVERSION = YES;
				CLANG_WARN_INFINITE_RECURSION = YES;
				CLANG_WARN_INT_CONVERSION = YES;
				CLANG_WARN_NON_LITERAL_NULL_CONVERSION = YES;
				CLANG_WARN_OBJC_IMPLICIT_RETAIN_SELF = YES;
				CLANG_WARN_OBJC_LITERAL_CONVERSION = YES;
				CLANG_WARN_OBJC_ROOT_CLASS = YES_ERROR;
				CLANG_WARN_RANGE_LOOP_ANALYSIS = YES;
				CLANG_WARN_STRICT_PROTOTYPES = YES;
				CLANG_WARN_SUSPICIOUS_MOVE = YES;
				CLANG_WARN_UNGUARDED_AVAILABILITY = YES_AGGRESSIVE;
				CLANG_WARN_UNREACHABLE_CODE = YES;
				CLANG_WARN__DUPLICATE_METHOD_MATCH = YES;
				COPY_PHASE_STRIP = NO;
				DEBUG_INFORMATION_FORMAT = dwarf;
				ENABLE_STRICT_OBJC_MSGSEND = YES;
				ENABLE_TESTABILITY = YES;
				GCC_C_LANGUAGE_STANDARD = gnu11;
				GCC_DYNAMIC_NO_PIC = NO;
				GCC_NO_COMMON_BLOCKS = YES;
				GCC_OPTIMIZATION_LEVEL = 0;
				GCC_PREPROCESSOR_DEFINITIONS = (
					"DEBUG=1",
					"$(inherited)",
				);
				GCC_WARN_64_TO_32_BIT_CONVERSION = YES;
				GCC_WARN_ABOUT_RETURN_TYPE = YES_ERROR;
				GCC_WARN_UNDECLARED_SELECTOR = YES;
				GCC_WARN_UNINITIALIZED_AUTOS = YES_AGGRESSIVE;
				GCC_WARN_UNUSED_FUNCTION = YES;
				GCC_WARN_UNUSED_VARIABLE = YES;
				IPHONEOS_DEPLOYMENT_TARGET = 13.4;
				MTL_ENABLE_DEBUG_INFO = INCLUDE_SOURCE;
				MTL_FAST_MATH = YES;
				ONLY_ACTIVE_ARCH = YES;
				SDKROOT = iphoneos;
				SWIFT_ACTIVE_COMPILATION_CONDITIONS = DEBUG;
				SWIFT_OPTIMIZATION_LEVEL = "-Onone";
			};
			name = Debug;
		};
		3D53ED1724F6C02F00231E5F /* Release */ = {
			isa = XCBuildConfiguration;
			buildSettings = {
				ALWAYS_SEARCH_USER_PATHS = NO;
				CLANG_ANALYZER_NONNULL = YES;
				CLANG_ANALYZER_NUMBER_OBJECT_CONVERSION = YES_AGGRESSIVE;
				CLANG_CXX_LANGUAGE_STANDARD = "gnu++14";
				CLANG_CXX_LIBRARY = "libc++";
				CLANG_ENABLE_MODULES = YES;
				CLANG_ENABLE_OBJC_ARC = YES;
				CLANG_ENABLE_OBJC_WEAK = YES;
				CLANG_WARN_BLOCK_CAPTURE_AUTORELEASING = YES;
				CLANG_WARN_BOOL_CONVERSION = YES;
				CLANG_WARN_COMMA = YES;
				CLANG_WARN_CONSTANT_CONVERSION = YES;
				CLANG_WARN_DEPRECATED_OBJC_IMPLEMENTATIONS = YES;
				CLANG_WARN_DIRECT_OBJC_ISA_USAGE = YES_ERROR;
				CLANG_WARN_DOCUMENTATION_COMMENTS = YES;
				CLANG_WARN_EMPTY_BODY = YES;
				CLANG_WARN_ENUM_CONVERSION = YES;
				CLANG_WARN_INFINITE_RECURSION = YES;
				CLANG_WARN_INT_CONVERSION = YES;
				CLANG_WARN_NON_LITERAL_NULL_CONVERSION = YES;
				CLANG_WARN_OBJC_IMPLICIT_RETAIN_SELF = YES;
				CLANG_WARN_OBJC_LITERAL_CONVERSION = YES;
				CLANG_WARN_OBJC_ROOT_CLASS = YES_ERROR;
				CLANG_WARN_RANGE_LOOP_ANALYSIS = YES;
				CLANG_WARN_STRICT_PROTOTYPES = YES;
				CLANG_WARN_SUSPICIOUS_MOVE = YES;
				CLANG_WARN_UNGUARDED_AVAILABILITY = YES_AGGRESSIVE;
				CLANG_WARN_UNREACHABLE_CODE = YES;
				CLANG_WARN__DUPLICATE_METHOD_MATCH = YES;
				COPY_PHASE_STRIP = NO;
				DEBUG_INFORMATION_FORMAT = "dwarf-with-dsym";
				ENABLE_NS_ASSERTIONS = NO;
				ENABLE_STRICT_OBJC_MSGSEND = YES;
				GCC_C_LANGUAGE_STANDARD = gnu11;
				GCC_NO_COMMON_BLOCKS = YES;
				GCC_WARN_64_TO_32_BIT_CONVERSION = YES;
				GCC_WARN_ABOUT_RETURN_TYPE = YES_ERROR;
				GCC_WARN_UNDECLARED_SELECTOR = YES;
				GCC_WARN_UNINITIALIZED_AUTOS = YES_AGGRESSIVE;
				GCC_WARN_UNUSED_FUNCTION = YES;
				GCC_WARN_UNUSED_VARIABLE = YES;
				IPHONEOS_DEPLOYMENT_TARGET = 13.4;
				MTL_ENABLE_DEBUG_INFO = NO;
				MTL_FAST_MATH = YES;
				SDKROOT = iphoneos;
				SWIFT_COMPILATION_MODE = wholemodule;
				SWIFT_OPTIMIZATION_LEVEL = "-O";
				VALIDATE_PRODUCT = YES;
			};
			name = Release;
		};
		3D53ED1924F6C02F00231E5F /* Debug */ = {
			isa = XCBuildConfiguration;
			baseConfigurationReference = E6EEFDAA204E169B302F15F7 /* Pods-MenuAppDemo.debug.xcconfig */;
			buildSettings = {
				ASSETCATALOG_COMPILER_APPICON_NAME = AppIcon;
				CODE_SIGN_STYLE = Automatic;
				DEVELOPMENT_TEAM = 9N5G5B9BN4;
				INFOPLIST_FILE = MenuAppDemo/Info.plist;
				LD_RUNPATH_SEARCH_PATHS = (
					"$(inherited)",
					"@executable_path/Frameworks",
				);
				PRODUCT_BUNDLE_IDENTIFIER = None.MenuAppDemo;
				PRODUCT_NAME = "$(TARGET_NAME)";
				SWIFT_VERSION = 5.0;
				TARGETED_DEVICE_FAMILY = "1,2";
			};
			name = Debug;
		};
		3D53ED1A24F6C02F00231E5F /* Release */ = {
			isa = XCBuildConfiguration;
			baseConfigurationReference = 07A61E84259A092A68F5BB9D /* Pods-MenuAppDemo.release.xcconfig */;
			buildSettings = {
				ASSETCATALOG_COMPILER_APPICON_NAME = AppIcon;
				CODE_SIGN_STYLE = Automatic;
				DEVELOPMENT_TEAM = 9N5G5B9BN4;
				INFOPLIST_FILE = MenuAppDemo/Info.plist;
				LD_RUNPATH_SEARCH_PATHS = (
					"$(inherited)",
					"@executable_path/Frameworks",
				);
				PRODUCT_BUNDLE_IDENTIFIER = None.MenuAppDemo;
				PRODUCT_NAME = "$(TARGET_NAME)";
				SWIFT_VERSION = 5.0;
				TARGETED_DEVICE_FAMILY = "1,2";
			};
			name = Release;
		};
/* End XCBuildConfiguration section */

/* Begin XCConfigurationList section */
		3D53ECFF24F6C01900231E5F /* Build configuration list for PBXProject "MenuAppDemo" */ = {
			isa = XCConfigurationList;
			buildConfigurations = (
				3D53ED1624F6C02F00231E5F /* Debug */,
				3D53ED1724F6C02F00231E5F /* Release */,
			);
			defaultConfigurationIsVisible = 0;
			defaultConfigurationName = Release;
		};
		3D53ED1824F6C02F00231E5F /* Build configuration list for PBXNativeTarget "MenuAppDemo" */ = {
			isa = XCConfigurationList;
			buildConfigurations = (
				3D53ED1924F6C02F00231E5F /* Debug */,
				3D53ED1A24F6C02F00231E5F /* Release */,
			);
			defaultConfigurationIsVisible = 0;
			defaultConfigurationName = Release;
		};
/* End XCConfigurationList section */
	};
	rootObject = 3D53ECFC24F6C01900231E5F /* Project object */;
}
